
Microsoft Visual Studio Solution File, Format Version 12.00
# Visual Studio 14
VisualStudioVersion = 14.0.23107.0
MinimumVisualStudioVersion = 10.0.40219.1
Project("{E24C65DC-7377-472B-9ABA-BC803B73C61A}") = "IITC.OptimalFields", "IITC.OptimalFields\", "{BB482997-0D2D-4AB3-8B5D-598C613A0E5D}"
	ProjectSection(WebsiteProperties) = preProject
		TargetFrameworkMoniker = ".NETFramework,Version%3Dv4.0"
		Debug.AspNetCompiler.VirtualPath = "/localhost_24254"
		Debug.AspNetCompiler.PhysicalPath = "IITC.OptimalFields\"
		Debug.AspNetCompiler.TargetPath = "PrecompiledWeb\localhost_24254\"
		Debug.AspNetCompiler.Updateable = "true"
		Debug.AspNetCompiler.ForceOverwrite = "true"
		Debug.AspNetCompiler.FixedNames = "false"
		Debug.AspNetCompiler.Debug = "True"
		Release.AspNetCompiler.VirtualPath = "/localhost_24254"
		Release.AspNetCompiler.PhysicalPath = "IITC.OptimalFields\"
		Release.AspNetCompiler.TargetPath = "PrecompiledWeb\localhost_24254\"
		Release.AspNetCompiler.Updateable = "true"
		Release.AspNetCompiler.ForceOverwrite = "true"
		Release.AspNetCompiler.FixedNames = "false"
		Release.AspNetCompiler.Debug = "False"
		VWDPort = "24254"
		SlnRelativePath = "IITC.OptimalFields\"
	EndProjectSection
EndProject
Project("{E24C65DC-7377-472B-9ABA-BC803B73C61A}") = "IITC.UltraUp", "IITC.UltraUp\", "{B1D46850-69B9-44EA-B06D-556331B417A9}"
	ProjectSection(WebsiteProperties) = preProject
		TargetFrameworkMoniker = ".NETFramework,Version%3Dv4.0"
		Debug.AspNetCompiler.VirtualPath = "/localhost_24260"
		Debug.AspNetCompiler.PhysicalPath = "IITC.UltraUp\"
		Debug.AspNetCompiler.TargetPath = "PrecompiledWeb\localhost_24260\"
		Debug.AspNetCompiler.Updateable = "true"
		Debug.AspNetCompiler.ForceOverwrite = "true"
		Debug.AspNetCompiler.FixedNames = "false"
		Debug.AspNetCompiler.Debug = "True"
		Release.AspNetCompiler.VirtualPath = "/localhost_24260"
		Release.AspNetCompiler.PhysicalPath = "IITC.UltraUp\"
		Release.AspNetCompiler.TargetPath = "PrecompiledWeb\localhost_24260\"
		Release.AspNetCompiler.Updateable = "true"
		Release.AspNetCompiler.ForceOverwrite = "true"
		Release.AspNetCompiler.FixedNames = "false"
		Release.AspNetCompiler.Debug = "False"
		VWDPort = "24260"
		SlnRelativePath = "IITC.UltraUp\"
	EndProjectSection
EndProject
Project("{E24C65DC-7377-472B-9ABA-BC803B73C61A}") = "_lib", "_lib\", "{75E9B4AC-7D66-42CD-A8FB-8D6699CAB3A2}"
	ProjectSection(WebsiteProperties) = preProject
		TargetFrameworkMoniker = ".NETFramework,Version%3Dv4.0"
		Debug.AspNetCompiler.VirtualPath = "/localhost_24302"
		Debug.AspNetCompiler.PhysicalPath = "_lib\"
		Debug.AspNetCompiler.TargetPath = "PrecompiledWeb\localhost_24302\"
		Debug.AspNetCompiler.Updateable = "true"
		Debug.AspNetCompiler.ForceOverwrite = "true"
		Debug.AspNetCompiler.FixedNames = "false"
		Debug.AspNetCompiler.Debug = "True"
		Release.AspNetCompiler.VirtualPath = "/localhost_24302"
		Release.AspNetCompiler.PhysicalPath = "_lib\"
		Release.AspNetCompiler.TargetPath = "PrecompiledWeb\localhost_24302\"
		Release.AspNetCompiler.Updateable = "true"
		Release.AspNetCompiler.ForceOverwrite = "true"
		Release.AspNetCompiler.FixedNames = "false"
		Release.AspNetCompiler.Debug = "False"
		VWDPort = "24302"
		SlnRelativePath = "_lib\"
	EndProjectSection
EndProject
Project("{E24C65DC-7377-472B-9ABA-BC803B73C61A}") = "_temp", "_temp\", "{EF1D64FD-909F-4FAA-A01B-A4B5CA09ABF6}"
	ProjectSection(WebsiteProperties) = preProject
		TargetFrameworkMoniker = ".NETFramework,Version%3Dv4.0"
		Debug.AspNetCompiler.VirtualPath = "/localhost_24304"
		Debug.AspNetCompiler.PhysicalPath = "_temp\"
		Debug.AspNetCompiler.TargetPath = "PrecompiledWeb\localhost_24304\"
		Debug.AspNetCompiler.Updateable = "true"
		Debug.AspNetCompiler.ForceOverwrite = "true"
		Debug.AspNetCompiler.FixedNames = "false"
		Debug.AspNetCompiler.Debug = "True"
		Release.AspNetCompiler.VirtualPath = "/localhost_24304"
		Release.AspNetCompiler.PhysicalPath = "_temp\"
		Release.AspNetCompiler.TargetPath = "PrecompiledWeb\localhost_24304\"
		Release.AspNetCompiler.Updateable = "true"
		Release.AspNetCompiler.ForceOverwrite = "true"
		Release.AspNetCompiler.FixedNames = "false"
		Release.AspNetCompiler.Debug = "False"
		VWDPort = "24304"
		SlnRelativePath = "_temp\"
	EndProjectSection
EndProject
Project("{E24C65DC-7377-472B-9ABA-BC803B73C61A}") = "Map.Prototypes", "Map.Prototypes\", "{06E4C4AB-7C06-4F2B-B6C7-CC46F7274832}"
	ProjectSection(WebsiteProperties) = preProject
		TargetFrameworkMoniker = ".NETFramework,Version%3Dv4.0"
		Debug.AspNetCompiler.VirtualPath = "/localhost_4285"
		Debug.AspNetCompiler.PhysicalPath = "Map.Prototypes\"
		Debug.AspNetCompiler.TargetPath = "PrecompiledWeb\localhost_4285\"
		Debug.AspNetCompiler.Updateable = "true"
		Debug.AspNetCompiler.ForceOverwrite = "true"
		Debug.AspNetCompiler.FixedNames = "false"
		Debug.AspNetCompiler.Debug = "True"
		Release.AspNetCompiler.VirtualPath = "/localhost_4285"
		Release.AspNetCompiler.PhysicalPath = "Map.Prototypes\"
		Release.AspNetCompiler.TargetPath = "PrecompiledWeb\localhost_4285\"
		Release.AspNetCompiler.Updateable = "true"
		Release.AspNetCompiler.ForceOverwrite = "true"
		Release.AspNetCompiler.FixedNames = "false"
		Release.AspNetCompiler.Debug = "False"
		VWDPort = "4285"
		SlnRelativePath = "Map.Prototypes\"
	EndProjectSection
EndProject
Project("{FAE04EC0-301F-11D3-BF4B-00C04F79EFBC}") = "WebHelper", "WebHelper\WebHelper.csproj", "{D6F3B5C4-18CE-4C2C-8171-425F344BDBB8}"
EndProject
Project("{FAE04EC0-301F-11D3-BF4B-00C04F79EFBC}") = "CropImages", "CropImages\CropImages.csproj", "{548B9365-1B56-4C73-9C7E-17C11BF674F9}"
EndProject
Project("{E24C65DC-7377-472B-9ABA-BC803B73C61A}") = "IITC.CountPortalsInPolygons", "IITC.CountPortalsInPolygons\", "{2E021A35-70FA-4D9B-9F82-022C29CB0211}"
	ProjectSection(WebsiteProperties) = preProject
		TargetFrameworkMoniker = ".NETFramework,Version%3Dv4.0"
		Debug.AspNetCompiler.VirtualPath = "/localhost_38705"
		Debug.AspNetCompiler.PhysicalPath = "IITC.CountPortalsInPolygons\"
		Debug.AspNetCompiler.TargetPath = "PrecompiledWeb\localhost_38705\"
		Debug.AspNetCompiler.Updateable = "true"
		Debug.AspNetCompiler.ForceOverwrite = "true"
		Debug.AspNetCompiler.FixedNames = "false"
		Debug.AspNetCompiler.Debug = "True"
		Release.AspNetCompiler.VirtualPath = "/localhost_38705"
		Release.AspNetCompiler.PhysicalPath = "IITC.CountPortalsInPolygons\"
		Release.AspNetCompiler.TargetPath = "PrecompiledWeb\localhost_38705\"
		Release.AspNetCompiler.Updateable = "true"
		Release.AspNetCompiler.ForceOverwrite = "true"
		Release.AspNetCompiler.FixedNames = "false"
		Release.AspNetCompiler.Debug = "False"
		VWDPort = "38705"
	EndProjectSection
EndProject
Global
	GlobalSection(SolutionConfigurationPlatforms) = preSolution
		Debug|Any CPU = Debug|Any CPU
		Release|Any CPU = Release|Any CPU
	EndGlobalSection
	GlobalSection(ProjectConfigurationPlatforms) = postSolution
		{BB482997-0D2D-4AB3-8B5D-598C613A0E5D}.Debug|Any CPU.ActiveCfg = Debug|Any CPU
		{BB482997-0D2D-4AB3-8B5D-598C613A0E5D}.Debug|Any CPU.Build.0 = Debug|Any CPU
		{BB482997-0D2D-4AB3-8B5D-598C613A0E5D}.Release|Any CPU.ActiveCfg = Debug|Any CPU
		{BB482997-0D2D-4AB3-8B5D-598C613A0E5D}.Release|Any CPU.Build.0 = Debug|Any CPU
		{B1D46850-69B9-44EA-B06D-556331B417A9}.Debug|Any CPU.ActiveCfg = Debug|Any CPU
		{B1D46850-69B9-44EA-B06D-556331B417A9}.Debug|Any CPU.Build.0 = Debug|Any CPU
		{B1D46850-69B9-44EA-B06D-556331B417A9}.Release|Any CPU.ActiveCfg = Debug|Any CPU
		{B1D46850-69B9-44EA-B06D-556331B417A9}.Release|Any CPU.Build.0 = Debug|Any CPU
		{75E9B4AC-7D66-42CD-A8FB-8D6699CAB3A2}.Debug|Any CPU.ActiveCfg = Debug|Any CPU
		{75E9B4AC-7D66-42CD-A8FB-8D6699CAB3A2}.Debug|Any CPU.Build.0 = Debug|Any CPU
		{75E9B4AC-7D66-42CD-A8FB-8D6699CAB3A2}.Release|Any CPU.ActiveCfg = Debug|Any CPU
		{75E9B4AC-7D66-42CD-A8FB-8D6699CAB3A2}.Release|Any CPU.Build.0 = Debug|Any CPU
		{EF1D64FD-909F-4FAA-A01B-A4B5CA09ABF6}.Debug|Any CPU.ActiveCfg = Debug|Any CPU
		{EF1D64FD-909F-4FAA-A01B-A4B5CA09ABF6}.Debug|Any CPU.Build.0 = Debug|Any CPU
		{EF1D64FD-909F-4FAA-A01B-A4B5CA09ABF6}.Release|Any CPU.ActiveCfg = Debug|Any CPU
		{EF1D64FD-909F-4FAA-A01B-A4B5CA09ABF6}.Release|Any CPU.Build.0 = Debug|Any CPU
		{06E4C4AB-7C06-4F2B-B6C7-CC46F7274832}.Debug|Any CPU.ActiveCfg = Debug|Any CPU
		{06E4C4AB-7C06-4F2B-B6C7-CC46F7274832}.Debug|Any CPU.Build.0 = Debug|Any CPU
		{06E4C4AB-7C06-4F2B-B6C7-CC46F7274832}.Release|Any CPU.ActiveCfg = Debug|Any CPU
		{06E4C4AB-7C06-4F2B-B6C7-CC46F7274832}.Release|Any CPU.Build.0 = Debug|Any CPU
		{D6F3B5C4-18CE-4C2C-8171-425F344BDBB8}.Debug|Any CPU.ActiveCfg = Debug|Any CPU
		{D6F3B5C4-18CE-4C2C-8171-425F344BDBB8}.Debug|Any CPU.Build.0 = Debug|Any CPU
		{D6F3B5C4-18CE-4C2C-8171-425F344BDBB8}.Release|Any CPU.ActiveCfg = Release|Any CPU
		{D6F3B5C4-18CE-4C2C-8171-425F344BDBB8}.Release|Any CPU.Build.0 = Release|Any CPU
		{548B9365-1B56-4C73-9C7E-17C11BF674F9}.Debug|Any CPU.ActiveCfg = Debug|Any CPU
		{548B9365-1B56-4C73-9C7E-17C11BF674F9}.Debug|Any CPU.Build.0 = Debug|Any CPU
		{548B9365-1B56-4C73-9C7E-17C11BF674F9}.Release|Any CPU.ActiveCfg = Release|Any CPU
		{548B9365-1B56-4C73-9C7E-17C11BF674F9}.Release|Any CPU.Build.0 = Release|Any CPU
		{2E021A35-70FA-4D9B-9F82-022C29CB0211}.Debug|Any CPU.ActiveCfg = Debug|Any CPU
		{2E021A35-70FA-4D9B-9F82-022C29CB0211}.Debug|Any CPU.Build.0 = Debug|Any CPU
		{2E021A35-70FA-4D9B-9F82-022C29CB0211}.Release|Any CPU.ActiveCfg = Debug|Any CPU
		{2E021A35-70FA-4D9B-9F82-022C29CB0211}.Release|Any CPU.Build.0 = Debug|Any CPU
	EndGlobalSection
	GlobalSection(SolutionProperties) = preSolution
		HideSolutionNode = FALSE
	EndGlobalSection
EndGlobal
